
Microsoft Visual Studio Solution File, Format Version 12.00
# Visual Studio 15
Project("{FAE04EC0-301F-11D3-BF4B-00C04F79EFBC}") = "Assembly-CSharp", "Assembly-CSharp.csproj", "{E31937C9-A285-4D54-B7F5-61C8FEF3732C}"
EndProject
Project("{FAE04EC0-301F-11D3-BF4B-00C04F79EFBC}") = "Assembly-CSharp-Editor", "Assembly-CSharp-Editor.csproj", "{53D72A00-F538-655F-1A69-EF63778AF271}"
EndProject
Global
	GlobalSection(SolutionConfigurationPlatforms) = preSolution
		Debug|Any CPU = Debug|Any CPU
		Release|Any CPU = Release|Any CPU
	EndGlobalSection
	GlobalSection(ProjectConfigurationPlatforms) = postSolution
		{E31937C9-A285-4D54-B7F5-61C8FEF3732C}.Debug|Any CPU.ActiveCfg = Debug|Any CPU
		{E31937C9-A285-4D54-B7F5-61C8FEF3732C}.Debug|Any CPU.Build.0 = Debug|Any CPU
		{E31937C9-A285-4D54-B7F5-61C8FEF3732C}.Release|Any CPU.ActiveCfg = Release|Any CPU
		{E31937C9-A285-4D54-B7F5-61C8FEF3732C}.Release|Any CPU.Build.0 = Release|Any CPU
		{53D72A00-F538-655F-1A69-EF63778AF271}.Debug|Any CPU.ActiveCfg = Debug|Any CPU
		{53D72A00-F538-655F-1A69-EF63778AF271}.Debug|Any CPU.Build.0 = Debug|Any CPU
		{53D72A00-F538-655F-1A69-EF63778AF271}.Release|Any CPU.ActiveCfg = Release|Any CPU
		{53D72A00-F538-655F-1A69-EF63778AF271}.Release|Any CPU.Build.0 = Release|Any CPU
	EndGlobalSection
	GlobalSection(SolutionProperties) = preSolution
		HideSolutionNode = FALSE
	EndGlobalSection
EndGlobal
